
Microsoft Visual Studio Solution File, Format Version 12.00
# Visual Studio Version 16
VisualStudioVersion = 16.0.30309.148
MinimumVisualStudioVersion = 10.0.40219.1
Project("{FAE04EC0-301F-11D3-BF4B-00C04F79EFBC}") = "Part 4 Assignment Philip Graham", "Part 4 Assignment Philip Graham.csproj", "{3C126A00-85FC-4DFB-B8EF-E991B72A49DD}"
EndProject
Global
	GlobalSection(SolutionConfigurationPlatforms) = preSolution
		Debug|Any CPU = Debug|Any CPU
		Release|Any CPU = Release|Any CPU
	EndGlobalSection
	GlobalSection(ProjectConfigurationPlatforms) = postSolution
		{3C126A00-85FC-4DFB-B8EF-E991B72A49DD}.Debug|Any CPU.ActiveCfg = Debug|Any CPU
		{3C126A00-85FC-4DFB-B8EF-E991B72A49DD}.Debug|Any CPU.Build.0 = Debug|Any CPU
		{3C126A00-85FC-4DFB-B8EF-E991B72A49DD}.Release|Any CPU.ActiveCfg = Release|Any CPU
		{3C126A00-85FC-4DFB-B8EF-E991B72A49DD}.Release|Any CPU.Build.0 = Release|Any CPU
	EndGlobalSection
	GlobalSection(SolutionProperties) = preSolution
		HideSolutionNode = FALSE
	EndGlobalSection
	GlobalSection(ExtensibilityGlobals) = postSolution
		SolutionGuid = {1C786FC7-ACF8-48FA-BA77-2018093D0989}
	EndGlobalSection
EndGlobal
